schema: '2.0'
stages:
  prepare:
    cmd: python src/prepare.py
    deps:
    - path: src/prepare.py
      hash: md5
      md5: de93d1dcde1f5f0621742f340f15920a
      size: 766
    outs:
    - path: data/prepared
      hash: md5
      md5: 46ed0bf8a58653acc718881c21a1fa00.dir
      size: 2854
      nfiles: 2
  featurize:
    cmd: python src/featurization.py
    deps:
    - path: data/prepared
      hash: md5
      md5: 46ed0bf8a58653acc718881c21a1fa00.dir
      size: 2854
      nfiles: 2
    - path: src/featurization.py
      hash: md5
      md5: feda292b226540ec36789fb34ac7e3a8
      size: 1607
    outs:
    - path: data/features
      hash: md5
      md5: bda10a52cf6d3fc4ef5d829b671db238.dir
      size: 7109
      nfiles: 3
  train:
    cmd: python src/train.py
    deps:
    - path: data/features
      hash: md5
      md5: bda10a52cf6d3fc4ef5d829b671db238.dir
      size: 7109
      nfiles: 3
    - path: src/train.py
      hash: md5
      md5: a22ca6904b5259c92ef2361fff20cce5
      size: 3366
    outs:
    - path: models
      hash: md5
      md5: 9b2b0f65d4afd950d3105d172198f405.dir
      size: 22323
      nfiles: 1
    - path: results/train
      hash: md5
      md5: 7c854a1c95353c509d15cb27d956b844.dir
      size: 1317
      nfiles: 2
  inference:
    cmd: python src/inference.py
    deps:
    - path: data/features
      hash: md5
      md5: bda10a52cf6d3fc4ef5d829b671db238.dir
      size: 7109
      nfiles: 3
    - path: models
      hash: md5
      md5: 9b2b0f65d4afd950d3105d172198f405.dir
      size: 22323
      nfiles: 1
    - path: src/inference.py
      hash: md5
      md5: cd4ed4d5e01f9cca9fb961125702de5c
      size: 3834
    outs:
    - path: results/inference
      hash: md5
      md5: 015e0c9e3854d61b92b61555e38e3cd8.dir
      size: 35347
      nfiles: 1
    - path: results/metrics
      hash: md5
      md5: 24e785adf1d1ace39b34e6c20e42274e.dir
      size: 49
      nfiles: 2
