schema: '2.0'
stages:
  prepare:
    cmd: python src/prepare.py
    deps:
    - path: src/prepare.py
      hash: md5
      md5: de93d1dcde1f5f0621742f340f15920a
      size: 766
    outs:
    - path: data/prepared
      hash: md5
      md5: 46ed0bf8a58653acc718881c21a1fa00.dir
      size: 2854
      nfiles: 2
  featurize:
    cmd: python src/featurization.py
    deps:
    - path: data/prepared
      hash: md5
      md5: 46ed0bf8a58653acc718881c21a1fa00.dir
      size: 2854
      nfiles: 2
    - path: src/featurization.py
      hash: md5
      md5: feda292b226540ec36789fb34ac7e3a8
      size: 1607
    outs:
    - path: data/features
      hash: md5
      md5: 4ed1d4831068dfa0c7b6d9b9a29a1f71.dir
      size: 7109
      nfiles: 3
  train:
    cmd: python src/train.py
    deps:
    - path: data/features
      hash: md5
      md5: 4ed1d4831068dfa0c7b6d9b9a29a1f71.dir
      size: 7109
      nfiles: 3
    - path: src/train.py
      hash: md5
      md5: a22ca6904b5259c92ef2361fff20cce5
      size: 3366
    outs:
    - path: models
      hash: md5
      md5: 7aed0ce406e919561bfa670aaa7f8422.dir
      size: 22323
      nfiles: 1
    - path: results/train
      hash: md5
      md5: c7b436e01622699be25f41aa70218728.dir
      size: 873
      nfiles: 2
  inference:
    cmd: python src/inference.py
    deps:
    - path: data/features
      hash: md5
      md5: 4ed1d4831068dfa0c7b6d9b9a29a1f71.dir
      size: 7109
      nfiles: 3
    - path: models
      hash: md5
      md5: 7aed0ce406e919561bfa670aaa7f8422.dir
      size: 22323
      nfiles: 1
    - path: src/inference.py
      hash: md5
      md5: a345251e837ec4dd56f1154d47c9131d
      size: 4301
    outs:
    - path: results/inference
      hash: md5
      md5: 64315624302d133322ca4e2f8de48757.dir
      size: 51086
      nfiles: 2
    - path: results/metrics
      hash: md5
      md5: daba3be2e4edad30128b968a6bb1e41a.dir
      size: 64
      nfiles: 2
